# This file is automatically @generated by Cargo.
# It is not intended for manual editing.
version = 4

[[package]]
name = "ex01_basics"
version = "0.1.0"

[[package]]
name = "ex02_functions"
version = "0.1.0"

[[package]]
name = "ex03_structs"
version = "0.1.0"

[[package]]
name = "ex04_enums"
version = "0.1.0"

[[package]]
name = "ex05_ownershop"
version = "0.1.0"

[[package]]
name = "ex06_borrowing"
version = "0.1.0"

[[package]]
name = "ex07_collections"
version = "0.1.0"

[[package]]
name = "ex08_error_handling"
version = "0.1.0"
